
Microsoft Visual Studio Solution File, Format Version 12.00
# Visual Studio 15
VisualStudioVersion = 15.0.26730.3
MinimumVisualStudioVersion = 10.0.40219.1
Project("{FAE04EC0-301F-11D3-BF4B-00C04F79EFBC}") = "Plugin", "Plugin\Plugin.csproj", "{D83BA343-4702-4758-80F5-3862DFE61BCE}"
EndProject
Project("{FAE04EC0-301F-11D3-BF4B-00C04F79EFBC}") = "Custom_Workflow", "Custom_Workflow\Custom_Workflow.csproj", "{88C82697-92B2-4BEC-AB95-1E9018C1413D}"
EndProject
Project("{FAE04EC0-301F-11D3-BF4B-00C04F79EFBC}") = "CaseWebForm", "CaseWebForm\CaseWebForm.csproj", "{F6FB26C8-3391-4BAC-BD1F-CE713647FB0D}"
EndProject
Project("{2150E333-8FDC-42A3-9474-1A3956D46DE8}") = "Solution Items", "Solution Items", "{17A43A33-CADB-415D-9BE0-23A7FD95A591}"
	ProjectSection(SolutionItems) = preProject
		..\CRM Customer Support\LoanCustomerService.js = ..\CRM Customer Support\LoanCustomerService.js
	EndProjectSection
EndProject
Global
	GlobalSection(SolutionConfigurationPlatforms) = preSolution
		Debug|Any CPU = Debug|Any CPU
		Release|Any CPU = Release|Any CPU
	EndGlobalSection
	GlobalSection(ProjectConfigurationPlatforms) = postSolution
		{D83BA343-4702-4758-80F5-3862DFE61BCE}.Debug|Any CPU.ActiveCfg = Debug|Any CPU
		{D83BA343-4702-4758-80F5-3862DFE61BCE}.Debug|Any CPU.Build.0 = Debug|Any CPU
		{D83BA343-4702-4758-80F5-3862DFE61BCE}.Release|Any CPU.ActiveCfg = Release|Any CPU
		{D83BA343-4702-4758-80F5-3862DFE61BCE}.Release|Any CPU.Build.0 = Release|Any CPU
		{88C82697-92B2-4BEC-AB95-1E9018C1413D}.Debug|Any CPU.ActiveCfg = Debug|Any CPU
		{88C82697-92B2-4BEC-AB95-1E9018C1413D}.Debug|Any CPU.Build.0 = Debug|Any CPU
		{88C82697-92B2-4BEC-AB95-1E9018C1413D}.Release|Any CPU.ActiveCfg = Release|Any CPU
		{88C82697-92B2-4BEC-AB95-1E9018C1413D}.Release|Any CPU.Build.0 = Release|Any CPU
		{F6FB26C8-3391-4BAC-BD1F-CE713647FB0D}.Debug|Any CPU.ActiveCfg = Debug|Any CPU
		{F6FB26C8-3391-4BAC-BD1F-CE713647FB0D}.Debug|Any CPU.Build.0 = Debug|Any CPU
		{F6FB26C8-3391-4BAC-BD1F-CE713647FB0D}.Release|Any CPU.ActiveCfg = Release|Any CPU
		{F6FB26C8-3391-4BAC-BD1F-CE713647FB0D}.Release|Any CPU.Build.0 = Release|Any CPU
	EndGlobalSection
	GlobalSection(SolutionProperties) = preSolution
		HideSolutionNode = FALSE
	EndGlobalSection
	GlobalSection(ExtensibilityGlobals) = postSolution
		SolutionGuid = {25BD6822-425C-49EF-BEA4-FAC90762A5B5}
	EndGlobalSection
EndGlobal
